
Microsoft Visual Studio Solution File, Format Version 12.00
Project("{FAE04EC0-301F-11D3-BF4B-00C04F79EFBC}") = "ConsoleTests.EntityFramework", "ConsoleTests.EntityFramework\ConsoleTests.EntityFramework.csproj", "{82AF8894-A30B-48E8-8141-F4DE2AD63772}"
EndProject
Project("{FAE04EC0-301F-11D3-BF4B-00C04F79EFBC}") = "ConsoleTests.CalculatorTDD", "ConsoleTests.CalculatorTDD\ConsoleTests.CalculatorTDD.csproj", "{F89468E1-6499-4D3B-B2E3-FD024902AEE7}"
EndProject
Project("{FAE04EC0-301F-11D3-BF4B-00C04F79EFBC}") = "ConsoleTests.CalculatorTests", "ConsoleTests.CalculatorTests\ConsoleTests.CalculatorTests.csproj", "{A598424F-AA2C-4CD2-8899-70009A5D74B9}"
EndProject
Global
	GlobalSection(SolutionConfigurationPlatforms) = preSolution
		Debug|Any CPU = Debug|Any CPU
		Release|Any CPU = Release|Any CPU
	EndGlobalSection
	GlobalSection(ProjectConfigurationPlatforms) = postSolution
		{82AF8894-A30B-48E8-8141-F4DE2AD63772}.Debug|Any CPU.ActiveCfg = Debug|Any CPU
		{82AF8894-A30B-48E8-8141-F4DE2AD63772}.Debug|Any CPU.Build.0 = Debug|Any CPU
		{82AF8894-A30B-48E8-8141-F4DE2AD63772}.Release|Any CPU.ActiveCfg = Release|Any CPU
		{82AF8894-A30B-48E8-8141-F4DE2AD63772}.Release|Any CPU.Build.0 = Release|Any CPU
		{F89468E1-6499-4D3B-B2E3-FD024902AEE7}.Debug|Any CPU.ActiveCfg = Debug|Any CPU
		{F89468E1-6499-4D3B-B2E3-FD024902AEE7}.Debug|Any CPU.Build.0 = Debug|Any CPU
		{F89468E1-6499-4D3B-B2E3-FD024902AEE7}.Release|Any CPU.ActiveCfg = Release|Any CPU
		{F89468E1-6499-4D3B-B2E3-FD024902AEE7}.Release|Any CPU.Build.0 = Release|Any CPU
		{A598424F-AA2C-4CD2-8899-70009A5D74B9}.Debug|Any CPU.ActiveCfg = Debug|Any CPU
		{A598424F-AA2C-4CD2-8899-70009A5D74B9}.Debug|Any CPU.Build.0 = Debug|Any CPU
		{A598424F-AA2C-4CD2-8899-70009A5D74B9}.Release|Any CPU.ActiveCfg = Release|Any CPU
		{A598424F-AA2C-4CD2-8899-70009A5D74B9}.Release|Any CPU.Build.0 = Release|Any CPU
	EndGlobalSection
EndGlobal
